
Microsoft Visual Studio Solution File, Format Version 12.00
# Visual Studio Version 16
VisualStudioVersion = 16.0.30523.141
MinimumVisualStudioVersion = 10.0.40219.1
Project("{FAE04EC0-301F-11D3-BF4B-00C04F79EFBC}") = "knv1", "knv1\knv1.csproj", "{227ED1EA-1EA9-4919-B724-22BAAF1DC6EB}"
EndProject
Global
	GlobalSection(SolutionConfigurationPlatforms) = preSolution
		Debug|Any CPU = Debug|Any CPU
		Release|Any CPU = Release|Any CPU
	EndGlobalSection
	GlobalSection(ProjectConfigurationPlatforms) = postSolution
		{227ED1EA-1EA9-4919-B724-22BAAF1DC6EB}.Debug|Any CPU.ActiveCfg = Debug|Any CPU
		{227ED1EA-1EA9-4919-B724-22BAAF1DC6EB}.Debug|Any CPU.Build.0 = Debug|Any CPU
		{227ED1EA-1EA9-4919-B724-22BAAF1DC6EB}.Release|Any CPU.ActiveCfg = Release|Any CPU
		{227ED1EA-1EA9-4919-B724-22BAAF1DC6EB}.Release|Any CPU.Build.0 = Release|Any CPU
	EndGlobalSection
	GlobalSection(SolutionProperties) = preSolution
		HideSolutionNode = FALSE
	EndGlobalSection
	GlobalSection(ExtensibilityGlobals) = postSolution
		SolutionGuid = {E10F7560-626D-49B2-9842-15217C127E3F}
	EndGlobalSection
EndGlobal
